
Microsoft Visual Studio Solution File, Format Version 12.00
# Visual Studio Version 17
VisualStudioVersion = 17.0.32014.148
MinimumVisualStudioVersion = 10.0.40219.1
Project("{FAE04EC0-301F-11D3-BF4B-00C04F79EFBC}") = "GymSharp", "GymSharp.csproj", "{80DB31D7-2445-4E3B-80E4-D77B48066298}"
EndProject
Global
	GlobalSection(SolutionConfigurationPlatforms) = preSolution
		Debug|Any CPU = Debug|Any CPU
		Release|Any CPU = Release|Any CPU
	EndGlobalSection
	GlobalSection(ProjectConfigurationPlatforms) = postSolution
		{80DB31D7-2445-4E3B-80E4-D77B48066298}.Debug|Any CPU.ActiveCfg = Debug|Any CPU
		{80DB31D7-2445-4E3B-80E4-D77B48066298}.Debug|Any CPU.Build.0 = Debug|Any CPU
		{80DB31D7-2445-4E3B-80E4-D77B48066298}.Release|Any CPU.ActiveCfg = Release|Any CPU
		{80DB31D7-2445-4E3B-80E4-D77B48066298}.Release|Any CPU.Build.0 = Release|Any CPU
	EndGlobalSection
	GlobalSection(SolutionProperties) = preSolution
		HideSolutionNode = FALSE
	EndGlobalSection
	GlobalSection(ExtensibilityGlobals) = postSolution
		SolutionGuid = {EE64202C-7BF9-439C-AC0B-0B9668E96F74}
	EndGlobalSection
EndGlobal
